// !$*UTF8*$!
{
	archiveVersion = 1;
	classes = {
	};
	objectVersion = 56;
	objects = {

/* Begin PBXBuildFile section */
		680B7B562A726DBA00D57359 /* UserInfoVC.swift in Sources */ = {isa = PBXBuildFile; fileRef = 680B7B552A726DBA00D57359 /* UserInfoVC.swift */; };
		682B3E392A6D626E0010AA34 /* GFUserInfoHeaderVC.swift in Sources */ = {isa = PBXBuildFile; fileRef = 682B3E382A6D626E0010AA34 /* GFUserInfoHeaderVC.swift */; };
		682B3E3B2A6D63090010AA34 /* GFSecondaryTitleLabel.swift in Sources */ = {isa = PBXBuildFile; fileRef = 682B3E3A2A6D63090010AA34 /* GFSecondaryTitleLabel.swift */; };
		682D63932A783C6100888191 /* FavoriteCell.swift in Sources */ = {isa = PBXBuildFile; fileRef = 682D63922A783C6100888191 /* FavoriteCell.swift */; };
		682D63962A784AFE00888191 /* GFTabBarController.swift in Sources */ = {isa = PBXBuildFile; fileRef = 682D63952A784AFE00888191 /* GFTabBarController.swift */; };
		683B23C92A76962000CB1D01 /* PersistenceManager.swift in Sources */ = {isa = PBXBuildFile; fileRef = 683B23C82A76962000CB1D01 /* PersistenceManager.swift */; };
		6852A72E2A70256E004C7890 /* GFItemInfoView.swift in Sources */ = {isa = PBXBuildFile; fileRef = 6852A72D2A70256E004C7890 /* GFItemInfoView.swift */; };
		6852A7302A7139A8004C7890 /* GFItemInfoVC.swift in Sources */ = {isa = PBXBuildFile; fileRef = 6852A72F2A7139A8004C7890 /* GFItemInfoVC.swift */; };
		6852A7322A714CE7004C7890 /* GFRepoItemVC.swift in Sources */ = {isa = PBXBuildFile; fileRef = 6852A7312A714CE7004C7890 /* GFRepoItemVC.swift */; };
		6852A7342A7151AC004C7890 /* GFFollowerItemVC.swift in Sources */ = {isa = PBXBuildFile; fileRef = 6852A7332A7151AC004C7890 /* GFFollowerItemVC.swift */; };
		6852A7382A716BAE004C7890 /* Date+Ext.swift in Sources */ = {isa = PBXBuildFile; fileRef = 6852A7372A716BAE004C7890 /* Date+Ext.swift */; };
		685C1D3D2A791CAB00A3E98E /* GFAlertContainerView.swift in Sources */ = {isa = PBXBuildFile; fileRef = 685C1D3C2A791CAB00A3E98E /* GFAlertContainerView.swift */; };
		685C1D3F2A79260500A3E98E /* GFDataLoadingVC.swift in Sources */ = {isa = PBXBuildFile; fileRef = 685C1D3E2A79260500A3E98E /* GFDataLoadingVC.swift */; };
		6865F66A2A5C1DA400A162BB /* UIHelper.swift in Sources */ = {isa = PBXBuildFile; fileRef = 6865F6692A5C1DA400A162BB /* UIHelper.swift */; };
		6885A4A12A45C239004938D9 /* GFButton.swift in Sources */ = {isa = PBXBuildFile; fileRef = 6885A4A02A45C239004938D9 /* GFButton.swift */; };
		6885A4A32A45D74D004938D9 /* GFTextField.swift in Sources */ = {isa = PBXBuildFile; fileRef = 6885A4A22A45D74D004938D9 /* GFTextField.swift */; };
		6885A4A52A460EDE004938D9 /* FollowersListVC.swift in Sources */ = {isa = PBXBuildFile; fileRef = 6885A4A42A460EDE004938D9 /* FollowersListVC.swift */; };
		68AFB57F2A7A7443004E8E50 /* UIView+Ext.swift in Sources */ = {isa = PBXBuildFile; fileRef = 68AFB57E2A7A7443004E8E50 /* UIView+Ext.swift */; };
		68C4A67C2A54322300061FAA /* Follower.swift in Sources */ = {isa = PBXBuildFile; fileRef = 68C4A67B2A54322300061FAA /* Follower.swift */; };
		68C4A67E2A54337700061FAA /* User.swift in Sources */ = {isa = PBXBuildFile; fileRef = 68C4A67D2A54337700061FAA /* User.swift */; };
		68C4A6812A5591BA00061FAA /* NetworkManager.swift in Sources */ = {isa = PBXBuildFile; fileRef = 68C4A6802A5591BA00061FAA /* NetworkManager.swift */; };
		68C4A6842A55AB8200061FAA /* GFError.swift in Sources */ = {isa = PBXBuildFile; fileRef = 68C4A6832A55AB8200061FAA /* GFError.swift */; };
		68C4A6882A55CF2700061FAA /* FollowerCell.swift in Sources */ = {isa = PBXBuildFile; fileRef = 68C4A6872A55CF2700061FAA /* FollowerCell.swift */; };
		68C4A68A2A55D03400061FAA /* GFAvatarImageVIew.swift in Sources */ = {isa = PBXBuildFile; fileRef = 68C4A6892A55D03400061FAA /* GFAvatarImageVIew.swift */; };
		68CD877E2A46EE8C004BCB81 /* GFTitleLabel.swift in Sources */ = {isa = PBXBuildFile; fileRef = 68CD877D2A46EE8C004BCB81 /* GFTitleLabel.swift */; };
		68CD87802A46F082004BCB81 /* GFBodyLabel.swift in Sources */ = {isa = PBXBuildFile; fileRef = 68CD877F2A46F082004BCB81 /* GFBodyLabel.swift */; };
		68CD87822A46F1E0004BCB81 /* GFAlertVC.swift in Sources */ = {isa = PBXBuildFile; fileRef = 68CD87812A46F1E0004BCB81 /* GFAlertVC.swift */; };
		68CD87862A49B77D004BCB81 /* UIViewController+Ext.swift in Sources */ = {isa = PBXBuildFile; fileRef = 68CD87852A49B77D004BCB81 /* UIViewController+Ext.swift */; };
		68CFC8502A64291F00DAA3FC /* GFEmptyStateView.swift in Sources */ = {isa = PBXBuildFile; fileRef = 68CFC84F2A64291F00DAA3FC /* GFEmptyStateView.swift */; };
		68D66E302A7AB172006FB547 /* UITableView+Ext.swift in Sources */ = {isa = PBXBuildFile; fileRef = 68D66E2F2A7AB172006FB547 /* UITableView+Ext.swift */; };
		68DA95FF2A6ECFAE00203A34 /* Constans.swift in Sources */ = {isa = PBXBuildFile; fileRef = 68DA95FE2A6ECFAE00203A34 /* Constans.swift */; };
		68E8B2D32A4460D30087F817 /* AppDelegate.swift in Sources */ = {isa = PBXBuildFile; fileRef = 68E8B2D22A4460D30087F817 /* AppDelegate.swift */; };
		68E8B2D52A4460D30087F817 /* SceneDelegate.swift in Sources */ = {isa = PBXBuildFile; fileRef = 68E8B2D42A4460D30087F817 /* SceneDelegate.swift */; };
		68E8B2DC2A4460D40087F817 /* Assets.xcassets in Resources */ = {isa = PBXBuildFile; fileRef = 68E8B2DB2A4460D40087F817 /* Assets.xcassets */; };
		68E8B2DF2A4460D40087F817 /* LaunchScreen.storyboard in Resources */ = {isa = PBXBuildFile; fileRef = 68E8B2DD2A4460D40087F817 /* LaunchScreen.storyboard */; };
		68E8B2E92A4469EB0087F817 /* SearchVC.swift in Sources */ = {isa = PBXBuildFile; fileRef = 68E8B2E82A4469EB0087F817 /* SearchVC.swift */; };
		68E8B2EB2A446A2F0087F817 /* FavoritesListVC.swift in Sources */ = {isa = PBXBuildFile; fileRef = 68E8B2EA2A446A2F0087F817 /* FavoritesListVC.swift */; };
/* End PBXBuildFile section */

/* Begin PBXFileReference section */
		680B7B552A726DBA00D57359 /* UserInfoVC.swift */ = {isa = PBXFileReference; lastKnownFileType = sourcecode.swift; path = UserInfoVC.swift; sourceTree = "<group>"; };
		682B3E382A6D626E0010AA34 /* GFUserInfoHeaderVC.swift */ = {isa = PBXFileReference; lastKnownFileType = sourcecode.swift; path = GFUserInfoHeaderVC.swift; sourceTree = "<group>"; };
		682B3E3A2A6D63090010AA34 /* GFSecondaryTitleLabel.swift */ = {isa = PBXFileReference; lastKnownFileType = sourcecode.swift; path = GFSecondaryTitleLabel.swift; sourceTree = "<group>"; };
		682D63922A783C6100888191 /* FavoriteCell.swift */ = {isa = PBXFileReference; lastKnownFileType = sourcecode.swift; path = FavoriteCell.swift; sourceTree = "<group>"; };
		682D63952A784AFE00888191 /* GFTabBarController.swift */ = {isa = PBXFileReference; lastKnownFileType = sourcecode.swift; path = GFTabBarController.swift; sourceTree = "<group>"; };
		683B23C82A76962000CB1D01 /* PersistenceManager.swift */ = {isa = PBXFileReference; lastKnownFileType = sourcecode.swift; path = PersistenceManager.swift; sourceTree = "<group>"; };
		6852A72D2A70256E004C7890 /* GFItemInfoView.swift */ = {isa = PBXFileReference; lastKnownFileType = sourcecode.swift; path = GFItemInfoView.swift; sourceTree = "<group>"; };
		6852A72F2A7139A8004C7890 /* GFItemInfoVC.swift */ = {isa = PBXFileReference; lastKnownFileType = sourcecode.swift; path = GFItemInfoVC.swift; sourceTree = "<group>"; };
		6852A7312A714CE7004C7890 /* GFRepoItemVC.swift */ = {isa = PBXFileReference; lastKnownFileType = sourcecode.swift; path = GFRepoItemVC.swift; sourceTree = "<group>"; };
		6852A7332A7151AC004C7890 /* GFFollowerItemVC.swift */ = {isa = PBXFileReference; lastKnownFileType = sourcecode.swift; path = GFFollowerItemVC.swift; sourceTree = "<group>"; };
		6852A7372A716BAE004C7890 /* Date+Ext.swift */ = {isa = PBXFileReference; lastKnownFileType = sourcecode.swift; path = "Date+Ext.swift"; sourceTree = "<group>"; };
		685C1D3C2A791CAB00A3E98E /* GFAlertContainerView.swift */ = {isa = PBXFileReference; lastKnownFileType = sourcecode.swift; path = GFAlertContainerView.swift; sourceTree = "<group>"; };
		685C1D3E2A79260500A3E98E /* GFDataLoadingVC.swift */ = {isa = PBXFileReference; lastKnownFileType = sourcecode.swift; path = GFDataLoadingVC.swift; sourceTree = "<group>"; };
		6865F6692A5C1DA400A162BB /* UIHelper.swift */ = {isa = PBXFileReference; lastKnownFileType = sourcecode.swift; path = UIHelper.swift; sourceTree = "<group>"; };
		6885A4A02A45C239004938D9 /* GFButton.swift */ = {isa = PBXFileReference; lastKnownFileType = sourcecode.swift; path = GFButton.swift; sourceTree = "<group>"; };
		6885A4A22A45D74D004938D9 /* GFTextField.swift */ = {isa = PBXFileReference; lastKnownFileType = sourcecode.swift; path = GFTextField.swift; sourceTree = "<group>"; };
		6885A4A42A460EDE004938D9 /* FollowersListVC.swift */ = {isa = PBXFileReference; lastKnownFileType = sourcecode.swift; path = FollowersListVC.swift; sourceTree = "<group>"; };
		68AFB57E2A7A7443004E8E50 /* UIView+Ext.swift */ = {isa = PBXFileReference; lastKnownFileType = sourcecode.swift; path = "UIView+Ext.swift"; sourceTree = "<group>"; };
		68C4A67B2A54322300061FAA /* Follower.swift */ = {isa = PBXFileReference; lastKnownFileType = sourcecode.swift; path = Follower.swift; sourceTree = "<group>"; };
		68C4A67D2A54337700061FAA /* User.swift */ = {isa = PBXFileReference; lastKnownFileType = sourcecode.swift; path = User.swift; sourceTree = "<group>"; };
		68C4A6802A5591BA00061FAA /* NetworkManager.swift */ = {isa = PBXFileReference; lastKnownFileType = sourcecode.swift; path = NetworkManager.swift; sourceTree = "<group>"; };
		68C4A6832A55AB8200061FAA /* GFError.swift */ = {isa = PBXFileReference; lastKnownFileType = sourcecode.swift; path = GFError.swift; sourceTree = "<group>"; };
		68C4A6872A55CF2700061FAA /* FollowerCell.swift */ = {isa = PBXFileReference; lastKnownFileType = sourcecode.swift; path = FollowerCell.swift; sourceTree = "<group>"; };
		68C4A6892A55D03400061FAA /* GFAvatarImageVIew.swift */ = {isa = PBXFileReference; lastKnownFileType = sourcecode.swift; path = GFAvatarImageVIew.swift; sourceTree = "<group>"; };
		68CD877D2A46EE8C004BCB81 /* GFTitleLabel.swift */ = {isa = PBXFileReference; lastKnownFileType = sourcecode.swift; path = GFTitleLabel.swift; sourceTree = "<group>"; };
		68CD877F2A46F082004BCB81 /* GFBodyLabel.swift */ = {isa = PBXFileReference; lastKnownFileType = sourcecode.swift; path = GFBodyLabel.swift; sourceTree = "<group>"; };
		68CD87812A46F1E0004BCB81 /* GFAlertVC.swift */ = {isa = PBXFileReference; lastKnownFileType = sourcecode.swift; path = GFAlertVC.swift; sourceTree = "<group>"; };
		68CD87852A49B77D004BCB81 /* UIViewController+Ext.swift */ = {isa = PBXFileReference; lastKnownFileType = sourcecode.swift; path = "UIViewController+Ext.swift"; sourceTree = "<group>"; };
		68CFC84F2A64291F00DAA3FC /* GFEmptyStateView.swift */ = {isa = PBXFileReference; lastKnownFileType = sourcecode.swift; path = GFEmptyStateView.swift; sourceTree = "<group>"; };
		68D66E2F2A7AB172006FB547 /* UITableView+Ext.swift */ = {isa = PBXFileReference; lastKnownFileType = sourcecode.swift; path = "UITableView+Ext.swift"; sourceTree = "<group>"; };
		68DA95FE2A6ECFAE00203A34 /* Constans.swift */ = {isa = PBXFileReference; lastKnownFileType = sourcecode.swift; path = Constans.swift; sourceTree = "<group>"; };
		68E8B2CF2A4460D30087F817 /* GHFollowers.app */ = {isa = PBXFileReference; explicitFileType = wrapper.application; includeInIndex = 0; path = GHFollowers.app; sourceTree = BUILT_PRODUCTS_DIR; };
		68E8B2D22A4460D30087F817 /* AppDelegate.swift */ = {isa = PBXFileReference; lastKnownFileType = sourcecode.swift; path = AppDelegate.swift; sourceTree = "<group>"; };
		68E8B2D42A4460D30087F817 /* SceneDelegate.swift */ = {isa = PBXFileReference; lastKnownFileType = sourcecode.swift; path = SceneDelegate.swift; sourceTree = "<group>"; };
		68E8B2DB2A4460D40087F817 /* Assets.xcassets */ = {isa = PBXFileReference; lastKnownFileType = folder.assetcatalog; path = Assets.xcassets; sourceTree = "<group>"; };
		68E8B2DE2A4460D40087F817 /* Base */ = {isa = PBXFileReference; lastKnownFileType = file.storyboard; name = Base; path = Base.lproj/LaunchScreen.storyboard; sourceTree = "<group>"; };
		68E8B2E02A4460D40087F817 /* Info.plist */ = {isa = PBXFileReference; lastKnownFileType = text.plist.xml; path = Info.plist; sourceTree = "<group>"; };
		68E8B2E82A4469EB0087F817 /* SearchVC.swift */ = {isa = PBXFileReference; lastKnownFileType = sourcecode.swift; path = SearchVC.swift; sourceTree = "<group>"; };
		68E8B2EA2A446A2F0087F817 /* FavoritesListVC.swift */ = {isa = PBXFileReference; lastKnownFileType = sourcecode.swift; path = FavoritesListVC.swift; sourceTree = "<group>"; };
/* End PBXFileReference section */

/* Begin PBXFrameworksBuildPhase section */
		68E8B2CC2A4460D30087F817 /* Frameworks */ = {
			isa = PBXFrameworksBuildPhase;
			buildActionMask = 2147483647;
			files = (
			);
			runOnlyForDeploymentPostprocessing = 0;
		};
/* End PBXFrameworksBuildPhase section */

/* Begin PBXGroup section */
		682D63942A784AC100888191 /* TabbarControllers */ = {
			isa = PBXGroup;
			children = (
				682D63952A784AFE00888191 /* GFTabBarController.swift */,
			);
			path = TabbarControllers;
			sourceTree = "<group>";
		};
		6852A7362A71523E004C7890 /* ItemInfoVCs */ = {
			isa = PBXGroup;
			children = (
				6852A72F2A7139A8004C7890 /* GFItemInfoVC.swift */,
				6852A7312A714CE7004C7890 /* GFRepoItemVC.swift */,
				6852A7332A7151AC004C7890 /* GFFollowerItemVC.swift */,
			);
			path = ItemInfoVCs;
			sourceTree = "<group>";
		};
		68C4A67A2A5431F800061FAA /* Model */ = {
			isa = PBXGroup;
			children = (
				68C4A67B2A54322300061FAA /* Follower.swift */,
				68C4A67D2A54337700061FAA /* User.swift */,
			);
			path = Model;
			sourceTree = "<group>";
		};
		68C4A67F2A55918A00061FAA /* Managers */ = {
			isa = PBXGroup;
			children = (
				68C4A6802A5591BA00061FAA /* NetworkManager.swift */,
				683B23C82A76962000CB1D01 /* PersistenceManager.swift */,
			);
			path = Managers;
			sourceTree = "<group>";
		};
		68C4A6822A55AB6B00061FAA /* Utilities */ = {
			isa = PBXGroup;
			children = (
				68C4A6832A55AB8200061FAA /* GFError.swift */,
				6865F6692A5C1DA400A162BB /* UIHelper.swift */,
				68DA95FE2A6ECFAE00203A34 /* Constans.swift */,
			);
			path = Utilities;
			sourceTree = "<group>";
		};
		68C4A6862A55CEDD00061FAA /* Cells */ = {
			isa = PBXGroup;
			children = (
				68C4A6872A55CF2700061FAA /* FollowerCell.swift */,
				682D63922A783C6100888191 /* FavoriteCell.swift */,
			);
			path = Cells;
			sourceTree = "<group>";
		};
		68CD87882A49C825004BCB81 /* Screens */ = {
			isa = PBXGroup;
			children = (
				68E8B2E82A4469EB0087F817 /* SearchVC.swift */,
				68E8B2EA2A446A2F0087F817 /* FavoritesListVC.swift */,
				6885A4A42A460EDE004938D9 /* FollowersListVC.swift */,
				680B7B552A726DBA00D57359 /* UserInfoVC.swift */,
			);
			path = Screens;
			sourceTree = "<group>";
		};
		68CD87892A49C89E004BCB81 /* Custom Views */ = {
			isa = PBXGroup;
			children = (
				682D63942A784AC100888191 /* TabbarControllers */,
				68CFC84E2A64289200DAA3FC /* Labels */,
				68CFC84D2A64283700DAA3FC /* ViewControllers */,
				68CFC84C2A64282800DAA3FC /* ImageViews */,
				68CFC84B2A6427FF00DAA3FC /* TextFields */,
				68CFC84A2A6427F500DAA3FC /* Buttons */,
				68CFC8492A6427ED00DAA3FC /* Views */,
				68C4A6862A55CEDD00061FAA /* Cells */,
			);
			path = "Custom Views";
			sourceTree = "<group>";
		};
		68CD878A2A49C90B004BCB81 /* Extensions */ = {
			isa = PBXGroup;
			children = (
				68CD87852A49B77D004BCB81 /* UIViewController+Ext.swift */,
				6852A7372A716BAE004C7890 /* Date+Ext.swift */,
				68AFB57E2A7A7443004E8E50 /* UIView+Ext.swift */,
				68D66E2F2A7AB172006FB547 /* UITableView+Ext.swift */,
			);
			path = Extensions;
			sourceTree = "<group>";
		};
		68CD878B2A49C965004BCB81 /* Support */ = {
			isa = PBXGroup;
			children = (
				68E8B2D22A4460D30087F817 /* AppDelegate.swift */,
				68E8B2D42A4460D30087F817 /* SceneDelegate.swift */,
				68E8B2DB2A4460D40087F817 /* Assets.xcassets */,
				68E8B2DD2A4460D40087F817 /* LaunchScreen.storyboard */,
			);
			path = Support;
			sourceTree = "<group>";
		};
		68CFC8492A6427ED00DAA3FC /* Views */ = {
			isa = PBXGroup;
			children = (
				68CFC84F2A64291F00DAA3FC /* GFEmptyStateView.swift */,
				6852A72D2A70256E004C7890 /* GFItemInfoView.swift */,
				685C1D3C2A791CAB00A3E98E /* GFAlertContainerView.swift */,
			);
			path = Views;
			sourceTree = "<group>";
		};
		68CFC84A2A6427F500DAA3FC /* Buttons */ = {
			isa = PBXGroup;
			children = (
				6885A4A02A45C239004938D9 /* GFButton.swift */,
			);
			path = Buttons;
			sourceTree = "<group>";
		};
		68CFC84B2A6427FF00DAA3FC /* TextFields */ = {
			isa = PBXGroup;
			children = (
				6885A4A22A45D74D004938D9 /* GFTextField.swift */,
			);
			path = TextFields;
			sourceTree = "<group>";
		};
		68CFC84C2A64282800DAA3FC /* ImageViews */ = {
			isa = PBXGroup;
			children = (
				68C4A6892A55D03400061FAA /* GFAvatarImageVIew.swift */,
			);
			path = ImageViews;
			sourceTree = "<group>";
		};
		68CFC84D2A64283700DAA3FC /* ViewControllers */ = {
			isa = PBXGroup;
			children = (
				6852A7362A71523E004C7890 /* ItemInfoVCs */,
				68CD87812A46F1E0004BCB81 /* GFAlertVC.swift */,
				682B3E382A6D626E0010AA34 /* GFUserInfoHeaderVC.swift */,
				685C1D3E2A79260500A3E98E /* GFDataLoadingVC.swift */,
			);
			path = ViewControllers;
			sourceTree = "<group>";
		};
		68CFC84E2A64289200DAA3FC /* Labels */ = {
			isa = PBXGroup;
			children = (
				68CD877D2A46EE8C004BCB81 /* GFTitleLabel.swift */,
				68CD877F2A46F082004BCB81 /* GFBodyLabel.swift */,
				682B3E3A2A6D63090010AA34 /* GFSecondaryTitleLabel.swift */,
			);
			path = Labels;
			sourceTree = "<group>";
		};
		68E8B2C62A4460D30087F817 = {
			isa = PBXGroup;
			children = (
				68E8B2D12A4460D30087F817 /* GHFollowers */,
				68E8B2D02A4460D30087F817 /* Products */,
			);
			sourceTree = "<group>";
		};
		68E8B2D02A4460D30087F817 /* Products */ = {
			isa = PBXGroup;
			children = (
				68E8B2CF2A4460D30087F817 /* GHFollowers.app */,
			);
			name = Products;
			sourceTree = "<group>";
		};
		68E8B2D12A4460D30087F817 /* GHFollowers */ = {
			isa = PBXGroup;
			children = (
				68C4A6822A55AB6B00061FAA /* Utilities */,
				68C4A67F2A55918A00061FAA /* Managers */,
				68C4A67A2A5431F800061FAA /* Model */,
				68CD878B2A49C965004BCB81 /* Support */,
				68E8B2E02A4460D40087F817 /* Info.plist */,
				68CD878A2A49C90B004BCB81 /* Extensions */,
				68CD87892A49C89E004BCB81 /* Custom Views */,
				68CD87882A49C825004BCB81 /* Screens */,
			);
			path = GHFollowers;
			sourceTree = "<group>";
		};
/* End PBXGroup section */

/* Begin PBXNativeTarget section */
		68E8B2CE2A4460D30087F817 /* GHFollowers */ = {
			isa = PBXNativeTarget;
			buildConfigurationList = 68E8B2E32A4460D40087F817 /* Build configuration list for PBXNativeTarget "GHFollowers" */;
			buildPhases = (
				68E8B2CB2A4460D30087F817 /* Sources */,
				68E8B2CC2A4460D30087F817 /* Frameworks */,
				68E8B2CD2A4460D30087F817 /* Resources */,
			);
			buildRules = (
			);
			dependencies = (
			);
			name = GHFollowers;
			productName = GHFollowers;
			productReference = 68E8B2CF2A4460D30087F817 /* GHFollowers.app */;
			productType = "com.apple.product-type.application";
		};
/* End PBXNativeTarget section */

/* Begin PBXProject section */
		68E8B2C72A4460D30087F817 /* Project object */ = {
			isa = PBXProject;
			attributes = {
				BuildIndependentTargetsInParallel = 1;
				LastSwiftUpdateCheck = 1430;
				LastUpgradeCheck = 1430;
				TargetAttributes = {
					68E8B2CE2A4460D30087F817 = {
						CreatedOnToolsVersion = 14.3;
					};
				};
			};
			buildConfigurationList = 68E8B2CA2A4460D30087F817 /* Build configuration list for PBXProject "GHFollowers" */;
			compatibilityVersion = "Xcode 14.0";
			developmentRegion = en;
			hasScannedForEncodings = 0;
			knownRegions = (
				en,
				Base,
			);
			mainGroup = 68E8B2C62A4460D30087F817;
			productRefGroup = 68E8B2D02A4460D30087F817 /* Products */;
			projectDirPath = "";
			projectRoot = "";
			targets = (
				68E8B2CE2A4460D30087F817 /* GHFollowers */,
			);
		};
/* End PBXProject section */

/* Begin PBXResourcesBuildPhase section */
		68E8B2CD2A4460D30087F817 /* Resources */ = {
			isa = PBXResourcesBuildPhase;
			buildActionMask = 2147483647;
			files = (
				68E8B2DF2A4460D40087F817 /* LaunchScreen.storyboard in Resources */,
				68E8B2DC2A4460D40087F817 /* Assets.xcassets in Resources */,
			);
			runOnlyForDeploymentPostprocessing = 0;
		};
/* End PBXResourcesBuildPhase section */

/* Begin PBXSourcesBuildPhase section */
		68E8B2CB2A4460D30087F817 /* Sources */ = {
			isa = PBXSourcesBuildPhase;
			buildActionMask = 2147483647;
			files = (
				68AFB57F2A7A7443004E8E50 /* UIView+Ext.swift in Sources */,
				68C4A67E2A54337700061FAA /* User.swift in Sources */,
				6885A4A32A45D74D004938D9 /* GFTextField.swift in Sources */,
				6885A4A52A460EDE004938D9 /* FollowersListVC.swift in Sources */,
				68E8B2EB2A446A2F0087F817 /* FavoritesListVC.swift in Sources */,
				68CD87862A49B77D004BCB81 /* UIViewController+Ext.swift in Sources */,
				6865F66A2A5C1DA400A162BB /* UIHelper.swift in Sources */,
				6852A7302A7139A8004C7890 /* GFItemInfoVC.swift in Sources */,
				6885A4A12A45C239004938D9 /* GFButton.swift in Sources */,
				68C4A68A2A55D03400061FAA /* GFAvatarImageVIew.swift in Sources */,
				68CD87822A46F1E0004BCB81 /* GFAlertVC.swift in Sources */,
				68C4A6882A55CF2700061FAA /* FollowerCell.swift in Sources */,
				6852A7342A7151AC004C7890 /* GFFollowerItemVC.swift in Sources */,
				6852A72E2A70256E004C7890 /* GFItemInfoView.swift in Sources */,
				682D63932A783C6100888191 /* FavoriteCell.swift in Sources */,
				68C4A6842A55AB8200061FAA /* GFError.swift in Sources */,
				682D63962A784AFE00888191 /* GFTabBarController.swift in Sources */,
				682B3E392A6D626E0010AA34 /* GFUserInfoHeaderVC.swift in Sources */,
				68CD87802A46F082004BCB81 /* GFBodyLabel.swift in Sources */,
				68C4A67C2A54322300061FAA /* Follower.swift in Sources */,
				685C1D3F2A79260500A3E98E /* GFDataLoadingVC.swift in Sources */,
				68CD877E2A46EE8C004BCB81 /* GFTitleLabel.swift in Sources */,
				685C1D3D2A791CAB00A3E98E /* GFAlertContainerView.swift in Sources */,
				682B3E3B2A6D63090010AA34 /* GFSecondaryTitleLabel.swift in Sources */,
				680B7B562A726DBA00D57359 /* UserInfoVC.swift in Sources */,
				683B23C92A76962000CB1D01 /* PersistenceManager.swift in Sources */,
				6852A7382A716BAE004C7890 /* Date+Ext.swift in Sources */,
				68CFC8502A64291F00DAA3FC /* GFEmptyStateView.swift in Sources */,
				68C4A6812A5591BA00061FAA /* NetworkManager.swift in Sources */,
				68DA95FF2A6ECFAE00203A34 /* Constans.swift in Sources */,
				68E8B2E92A4469EB0087F817 /* SearchVC.swift in Sources */,
				68E8B2D32A4460D30087F817 /* AppDelegate.swift in Sources */,
				68D66E302A7AB172006FB547 /* UITableView+Ext.swift in Sources */,
				68E8B2D52A4460D30087F817 /* SceneDelegate.swift in Sources */,
				6852A7322A714CE7004C7890 /* GFRepoItemVC.swift in Sources */,
			);
			runOnlyForDeploymentPostprocessing = 0;
		};
/* End PBXSourcesBuildPhase section */

/* Begin PBXVariantGroup section */
		68E8B2DD2A4460D40087F817 /* LaunchScreen.storyboard */ = {
			isa = PBXVariantGroup;
			children = (
				68E8B2DE2A4460D40087F817 /* Base */,
			);
			name = LaunchScreen.storyboard;
			sourceTree = "<group>";
		};
/* End PBXVariantGroup section */

/* Begin XCBuildConfiguration section */
		68E8B2E12A4460D40087F817 /* Debug */ = {
			isa = XCBuildConfiguration;
			buildSettings = {
				ALWAYS_SEARCH_USER_PATHS = NO;
				CLANG_ANALYZER_NONNULL = YES;
				CLANG_ANALYZER_NUMBER_OBJECT_CONVERSION = YES_AGGRESSIVE;
				CLANG_CXX_LANGUAGE_STANDARD = "gnu++20";
				CLANG_ENABLE_MODULES = YES;
				CLANG_ENABLE_OBJC_ARC = YES;
				CLANG_ENABLE_OBJC_WEAK = YES;
				CLANG_WARN_BLOCK_CAPTURE_AUTORELEASING = YES;
				CLANG_WARN_BOOL_CONVERSION = YES;
				CLANG_WARN_COMMA = YES;
				CLANG_WARN_CONSTANT_CONVERSION = YES;
				CLANG_WARN_DEPRECATED_OBJC_IMPLEMENTATIONS = YES;
				CLANG_WARN_DIRECT_OBJC_ISA_USAGE = YES_ERROR;
				CLANG_WARN_DOCUMENTATION_COMMENTS = YES;
				CLANG_WARN_EMPTY_BODY = YES;
				CLANG_WARN_ENUM_CONVERSION = YES;
				CLANG_WARN_INFINITE_RECURSION = YES;
				CLANG_WARN_INT_CONVERSION = YES;
				CLANG_WARN_NON_LITERAL_NULL_CONVERSION = YES;
				CLANG_WARN_OBJC_IMPLICIT_RETAIN_SELF = YES;
				CLANG_WARN_OBJC_LITERAL_CONVERSION = YES;
				CLANG_WARN_OBJC_ROOT_CLASS = YES_ERROR;
				CLANG_WARN_QUOTED_INCLUDE_IN_FRAMEWORK_HEADER = YES;
				CLANG_WARN_RANGE_LOOP_ANALYSIS = YES;
				CLANG_WARN_STRICT_PROTOTYPES = YES;
				CLANG_WARN_SUSPICIOUS_MOVE = YES;
				CLANG_WARN_UNGUARDED_AVAILABILITY = YES_AGGRESSIVE;
				CLANG_WARN_UNREACHABLE_CODE = YES;
				CLANG_WARN__DUPLICATE_METHOD_MATCH = YES;
				COPY_PHASE_STRIP = NO;
				DEBUG_INFORMATION_FORMAT = dwarf;
				ENABLE_STRICT_OBJC_MSGSEND = YES;
				ENABLE_TESTABILITY = YES;
				GCC_C_LANGUAGE_STANDARD = gnu11;
				GCC_DYNAMIC_NO_PIC = NO;
				GCC_NO_COMMON_BLOCKS = YES;
				GCC_OPTIMIZATION_LEVEL = 0;
				GCC_PREPROCESSOR_DEFINITIONS = (
					"DEBUG=1",
					"$(inherited)",
				);
				GCC_WARN_64_TO_32_BIT_CONVERSION = YES;
				GCC_WARN_ABOUT_RETURN_TYPE = YES_ERROR;
				GCC_WARN_UNDECLARED_SELECTOR = YES;
				GCC_WARN_UNINITIALIZED_AUTOS = YES_AGGRESSIVE;
				GCC_WARN_UNUSED_FUNCTION = YES;
				GCC_WARN_UNUSED_VARIABLE = YES;
				IPHONEOS_DEPLOYMENT_TARGET = 16.4;
				MTL_ENABLE_DEBUG_INFO = INCLUDE_SOURCE;
				MTL_FAST_MATH = YES;
				ONLY_ACTIVE_ARCH = YES;
				SDKROOT = iphoneos;
				SWIFT_ACTIVE_COMPILATION_CONDITIONS = DEBUG;
				SWIFT_OPTIMIZATION_LEVEL = "-Onone";
			};
			name = Debug;
		};
		68E8B2E22A4460D40087F817 /* Release */ = {
			isa = XCBuildConfiguration;
			buildSettings = {
				ALWAYS_SEARCH_USER_PATHS = NO;
				CLANG_ANALYZER_NONNULL = YES;
				CLANG_ANALYZER_NUMBER_OBJECT_CONVERSION = YES_AGGRESSIVE;
				CLANG_CXX_LANGUAGE_STANDARD = "gnu++20";
				CLANG_ENABLE_MODULES = YES;
				CLANG_ENABLE_OBJC_ARC = YES;
				CLANG_ENABLE_OBJC_WEAK = YES;
				CLANG_WARN_BLOCK_CAPTURE_AUTORELEASING = YES;
				CLANG_WARN_BOOL_CONVERSION = YES;
				CLANG_WARN_COMMA = YES;
				CLANG_WARN_CONSTANT_CONVERSION = YES;
				CLANG_WARN_DEPRECATED_OBJC_IMPLEMENTATIONS = YES;
				CLANG_WARN_DIRECT_OBJC_ISA_USAGE = YES_ERROR;
				CLANG_WARN_DOCUMENTATION_COMMENTS = YES;
				CLANG_WARN_EMPTY_BODY = YES;
				CLANG_WARN_ENUM_CONVERSION = YES;
				CLANG_WARN_INFINITE_RECURSION = YES;
				CLANG_WARN_INT_CONVERSION = YES;
				CLANG_WARN_NON_LITERAL_NULL_CONVERSION = YES;
				CLANG_WARN_OBJC_IMPLICIT_RETAIN_SELF = YES;
				CLANG_WARN_OBJC_LITERAL_CONVERSION = YES;
				CLANG_WARN_OBJC_ROOT_CLASS = YES_ERROR;
				CLANG_WARN_QUOTED_INCLUDE_IN_FRAMEWORK_HEADER = YES;
				CLANG_WARN_RANGE_LOOP_ANALYSIS = YES;
				CLANG_WARN_STRICT_PROTOTYPES = YES;
				CLANG_WARN_SUSPICIOUS_MOVE = YES;
				CLANG_WARN_UNGUARDED_AVAILABILITY = YES_AGGRESSIVE;
				CLANG_WARN_UNREACHABLE_CODE = YES;
				CLANG_WARN__DUPLICATE_METHOD_MATCH = YES;
				COPY_PHASE_STRIP = NO;
				DEBUG_INFORMATION_FORMAT = "dwarf-with-dsym";
				ENABLE_NS_ASSERTIONS = NO;
				ENABLE_STRICT_OBJC_MSGSEND = YES;
				GCC_C_LANGUAGE_STANDARD = gnu11;
				GCC_NO_COMMON_BLOCKS = YES;
				GCC_WARN_64_TO_32_BIT_CONVERSION = YES;
				GCC_WARN_ABOUT_RETURN_TYPE = YES_ERROR;
				GCC_WARN_UNDECLARED_SELECTOR = YES;
				GCC_WARN_UNINITIALIZED_AUTOS = YES_AGGRESSIVE;
				GCC_WARN_UNUSED_FUNCTION = YES;
				GCC_WARN_UNUSED_VARIABLE = YES;
				IPHONEOS_DEPLOYMENT_TARGET = 16.4;
				MTL_ENABLE_DEBUG_INFO = NO;
				MTL_FAST_MATH = YES;
				SDKROOT = iphoneos;
				SWIFT_COMPILATION_MODE = wholemodule;
				SWIFT_OPTIMIZATION_LEVEL = "-O";
				VALIDATE_PRODUCT = YES;
			};
			name = Release;
		};
		68E8B2E42A4460D40087F817 /* Debug */ = {
			isa = XCBuildConfiguration;
			buildSettings = {
				ASSETCATALOG_COMPILER_APPICON_NAME = AppIcon;
				ASSETCATALOG_COMPILER_GLOBAL_ACCENT_COLOR_NAME = AccentColor;
				CODE_SIGN_STYLE = Automatic;
				CURRENT_PROJECT_VERSION = 1;
				DEVELOPMENT_TEAM = 55Q7FX6GST;
				GENERATE_INFOPLIST_FILE = YES;
				INFOPLIST_FILE = GHFollowers/Info.plist;
				INFOPLIST_KEY_UIApplicationSupportsIndirectInputEvents = YES;
				INFOPLIST_KEY_UILaunchStoryboardName = LaunchScreen;
				INFOPLIST_KEY_UISupportedInterfaceOrientations = UIInterfaceOrientationPortrait;
				INFOPLIST_KEY_UISupportedInterfaceOrientations_iPad = "UIInterfaceOrientationLandscapeLeft UIInterfaceOrientationLandscapeRight UIInterfaceOrientationPortrait UIInterfaceOrientationPortraitUpsideDown";
				LD_RUNPATH_SEARCH_PATHS = (
					"$(inherited)",
					"@executable_path/Frameworks",
				);
				MARKETING_VERSION = 1.0;
				PRODUCT_BUNDLE_IDENTIFIER = co.jakhongir.GHFollowers;
				PRODUCT_NAME = "$(TARGET_NAME)";
				SWIFT_EMIT_LOC_STRINGS = YES;
				SWIFT_VERSION = 5.0;
				TARGETED_DEVICE_FAMILY = "1,2";
			};
			name = Debug;
		};
		68E8B2E52A4460D40087F817 /* Release */ = {
			isa = XCBuildConfiguration;
			buildSettings = {
				ASSETCATALOG_COMPILER_APPICON_NAME = AppIcon;
				ASSETCATALOG_COMPILER_GLOBAL_ACCENT_COLOR_NAME = AccentColor;
				CODE_SIGN_STYLE = Automatic;
				CURRENT_PROJECT_VERSION = 1;
				DEVELOPMENT_TEAM = 55Q7FX6GST;
				GENERATE_INFOPLIST_FILE = YES;
				INFOPLIST_FILE = GHFollowers/Info.plist;
				INFOPLIST_KEY_UIApplicationSupportsIndirectInputEvents = YES;
				INFOPLIST_KEY_UILaunchStoryboardName = LaunchScreen;
				INFOPLIST_KEY_UISupportedInterfaceOrientations = UIInterfaceOrientationPortrait;
				INFOPLIST_KEY_UISupportedInterfaceOrientations_iPad = "UIInterfaceOrientationLandscapeLeft UIInterfaceOrientationLandscapeRight UIInterfaceOrientationPortrait UIInterfaceOrientationPortraitUpsideDown";
				LD_RUNPATH_SEARCH_PATHS = (
					"$(inherited)",
					"@executable_path/Frameworks",
				);
				MARKETING_VERSION = 1.0;
				PRODUCT_BUNDLE_IDENTIFIER = co.jakhongir.GHFollowers;
				PRODUCT_NAME = "$(TARGET_NAME)";
				SWIFT_EMIT_LOC_STRINGS = YES;
				SWIFT_VERSION = 5.0;
				TARGETED_DEVICE_FAMILY = "1,2";
			};
			name = Release;
		};
/* End XCBuildConfiguration section */

/* Begin XCConfigurationList section */
		68E8B2CA2A4460D30087F817 /* Build configuration list for PBXProject "GHFollowers" */ = {
			isa = XCConfigurationList;
			buildConfigurations = (
				68E8B2E12A4460D40087F817 /* Debug */,
				68E8B2E22A4460D40087F817 /* Release */,
			);
			defaultConfigurationIsVisible = 0;
			defaultConfigurationName = Release;
		};
		68E8B2E32A4460D40087F817 /* Build configuration list for PBXNativeTarget "GHFollowers" */ = {
			isa = XCConfigurationList;
			buildConfigurations = (
				68E8B2E42A4460D40087F817 /* Debug */,
				68E8B2E52A4460D40087F817 /* Release */,
			);
			defaultConfigurationIsVisible = 0;
			defaultConfigurationName = Release;
		};
/* End XCConfigurationList section */
	};
	rootObject = 68E8B2C72A4460D30087F817 /* Project object */;
}
